// !$*UTF8*$!
{
	archiveVersion = 1;
	classes = {
	};
	objectVersion = 56;
	objects = {

/* Begin PBXBuildFile section */
		F02AC4072C6FC93400E2F119 /* LandmarksApp.swift in Sources */ = {isa = PBXBuildFile; fileRef = F02AC4062C6FC93400E2F119 /* LandmarksApp.swift */; };
		F02AC4092C6FC93400E2F119 /* ContentView.swift in Sources */ = {isa = PBXBuildFile; fileRef = F02AC4082C6FC93400E2F119 /* ContentView.swift */; };
		F02AC40B2C6FC93600E2F119 /* Assets.xcassets in Resources */ = {isa = PBXBuildFile; fileRef = F02AC40A2C6FC93600E2F119 /* Assets.xcassets */; };
		F02AC40E2C6FC93600E2F119 /* Preview Assets.xcassets in Resources */ = {isa = PBXBuildFile; fileRef = F02AC40D2C6FC93600E2F119 /* Preview Assets.xcassets */; };
		F02AC4152C6FCAE800E2F119 /* CircleImage.swift in Sources */ = {isa = PBXBuildFile; fileRef = F02AC4142C6FCAE800E2F119 /* CircleImage.swift */; };
		F03415452C6FCF9100D9B093 /* Landmark.swift in Sources */ = {isa = PBXBuildFile; fileRef = F03415442C6FCF9100D9B093 /* Landmark.swift */; };
		F03415482C6FD02200D9B093 /* LandmarkRow.swift in Sources */ = {isa = PBXBuildFile; fileRef = F03415472C6FD02200D9B093 /* LandmarkRow.swift */; };
		F034154A2C6FD1E100D9B093 /* LandmarkList.swift in Sources */ = {isa = PBXBuildFile; fileRef = F03415492C6FD1E100D9B093 /* LandmarkList.swift */; };
		F034154C2C6FD35000D9B093 /* LandmarkDetail.swift in Sources */ = {isa = PBXBuildFile; fileRef = F034154B2C6FD35000D9B093 /* LandmarkDetail.swift */; };
		F0D852972C6FCCE400148455 /* MapView.swift in Sources */ = {isa = PBXBuildFile; fileRef = F0D852962C6FCCE400148455 /* MapView.swift */; };
		F0D8529A2C6FCE4100148455 /* landmarkData.json in Resources */ = {isa = PBXBuildFile; fileRef = F0D852992C6FCE4100148455 /* landmarkData.json */; };
		F0D8529E2C6FCEF200148455 /* ModelData.swift in Sources */ = {isa = PBXBuildFile; fileRef = F0D8529D2C6FCEF200148455 /* ModelData.swift */; };
/* End PBXBuildFile section */

/* Begin PBXFileReference section */
		F02AC4032C6FC93400E2F119 /* Landmarks.app */ = {isa = PBXFileReference; explicitFileType = wrapper.application; includeInIndex = 0; path = Landmarks.app; sourceTree = BUILT_PRODUCTS_DIR; };
		F02AC4062C6FC93400E2F119 /* LandmarksApp.swift */ = {isa = PBXFileReference; lastKnownFileType = sourcecode.swift; path = LandmarksApp.swift; sourceTree = "<group>"; };
		F02AC4082C6FC93400E2F119 /* ContentView.swift */ = {isa = PBXFileReference; lastKnownFileType = sourcecode.swift; path = ContentView.swift; sourceTree = "<group>"; };
		F02AC40A2C6FC93600E2F119 /* Assets.xcassets */ = {isa = PBXFileReference; lastKnownFileType = folder.assetcatalog; path = Assets.xcassets; sourceTree = "<group>"; };
		F02AC40D2C6FC93600E2F119 /* Preview Assets.xcassets */ = {isa = PBXFileReference; lastKnownFileType = folder.assetcatalog; path = "Preview Assets.xcassets"; sourceTree = "<group>"; };
		F02AC4142C6FCAE800E2F119 /* CircleImage.swift */ = {isa = PBXFileReference; lastKnownFileType = sourcecode.swift; path = CircleImage.swift; sourceTree = "<group>"; };
		F03415442C6FCF9100D9B093 /* Landmark.swift */ = {isa = PBXFileReference; lastKnownFileType = sourcecode.swift; path = Landmark.swift; sourceTree = "<group>"; };
		F03415472C6FD02200D9B093 /* LandmarkRow.swift */ = {isa = PBXFileReference; lastKnownFileType = sourcecode.swift; path = LandmarkRow.swift; sourceTree = "<group>"; };
		F03415492C6FD1E100D9B093 /* LandmarkList.swift */ = {isa = PBXFileReference; lastKnownFileType = sourcecode.swift; path = LandmarkList.swift; sourceTree = "<group>"; };
		F034154B2C6FD35000D9B093 /* LandmarkDetail.swift */ = {isa = PBXFileReference; lastKnownFileType = sourcecode.swift; path = LandmarkDetail.swift; sourceTree = "<group>"; };
		F0D852962C6FCCE400148455 /* MapView.swift */ = {isa = PBXFileReference; lastKnownFileType = sourcecode.swift; path = MapView.swift; sourceTree = "<group>"; };
		F0D852992C6FCE4100148455 /* landmarkData.json */ = {isa = PBXFileReference; fileEncoding = 4; lastKnownFileType = text.json; path = landmarkData.json; sourceTree = "<group>"; };
		F0D8529D2C6FCEF200148455 /* ModelData.swift */ = {isa = PBXFileReference; lastKnownFileType = sourcecode.swift; path = ModelData.swift; sourceTree = "<group>"; };
/* End PBXFileReference section */

/* Begin PBXFrameworksBuildPhase section */
		F02AC4002C6FC93400E2F119 /* Frameworks */ = {
			isa = PBXFrameworksBuildPhase;
			buildActionMask = 2147483647;
			files = (
			);
			runOnlyForDeploymentPostprocessing = 0;
		};
/* End PBXFrameworksBuildPhase section */

/* Begin PBXGroup section */
		F02AC3FA2C6FC93400E2F119 = {
			isa = PBXGroup;
			children = (
				F02AC4052C6FC93400E2F119 /* Landmarks */,
				F02AC4042C6FC93400E2F119 /* Products */,
			);
			sourceTree = "<group>";
		};
		F02AC4042C6FC93400E2F119 /* Products */ = {
			isa = PBXGroup;
			children = (
				F02AC4032C6FC93400E2F119 /* Landmarks.app */,
			);
			name = Products;
			sourceTree = "<group>";
		};
		F02AC4052C6FC93400E2F119 /* Landmarks */ = {
			isa = PBXGroup;
			children = (
				F0D852982C6FCD1F00148455 /* Views */,
				F03415462C6FCFC400D9B093 /* Data */,
				F02AC4062C6FC93400E2F119 /* LandmarksApp.swift */,
				F02AC40A2C6FC93600E2F119 /* Assets.xcassets */,
				F02AC40C2C6FC93600E2F119 /* Preview Content */,
			);
			path = Landmarks;
			sourceTree = "<group>";
		};
		F02AC40C2C6FC93600E2F119 /* Preview Content */ = {
			isa = PBXGroup;
			children = (
				F02AC40D2C6FC93600E2F119 /* Preview Assets.xcassets */,
			);
			path = "Preview Content";
			sourceTree = "<group>";
		};
		F03415462C6FCFC400D9B093 /* Data */ = {
			isa = PBXGroup;
			children = (
				F0D852992C6FCE4100148455 /* landmarkData.json */,
				F03415442C6FCF9100D9B093 /* Landmark.swift */,
				F0D8529D2C6FCEF200148455 /* ModelData.swift */,
			);
			path = Data;
			sourceTree = "<group>";
		};
		F0D852982C6FCD1F00148455 /* Views */ = {
			isa = PBXGroup;
			children = (
				F02AC4082C6FC93400E2F119 /* ContentView.swift */,
				F02AC4142C6FCAE800E2F119 /* CircleImage.swift */,
				F0D852962C6FCCE400148455 /* MapView.swift */,
				F03415472C6FD02200D9B093 /* LandmarkRow.swift */,
				F03415492C6FD1E100D9B093 /* LandmarkList.swift */,
				F034154B2C6FD35000D9B093 /* LandmarkDetail.swift */,
			);
			path = Views;
			sourceTree = "<group>";
		};
/* End PBXGroup section */

/* Begin PBXNativeTarget section */
		F02AC4022C6FC93400E2F119 /* Landmarks */ = {
			isa = PBXNativeTarget;
			buildConfigurationList = F02AC4112C6FC93600E2F119 /* Build configuration list for PBXNativeTarget "Landmarks" */;
			buildPhases = (
				F02AC3FF2C6FC93400E2F119 /* Sources */,
				F02AC4002C6FC93400E2F119 /* Frameworks */,
				F02AC4012C6FC93400E2F119 /* Resources */,
			);
			buildRules = (
			);
			dependencies = (
			);
			name = Landmarks;
			productName = Landmarks;
			productReference = F02AC4032C6FC93400E2F119 /* Landmarks.app */;
			productType = "com.apple.product-type.application";
		};
/* End PBXNativeTarget section */

/* Begin PBXProject section */
		F02AC3FB2C6FC93400E2F119 /* Project object */ = {
			isa = PBXProject;
			attributes = {
				BuildIndependentTargetsInParallel = 1;
				LastSwiftUpdateCheck = 1540;
				LastUpgradeCheck = 1540;
				TargetAttributes = {
					F02AC4022C6FC93400E2F119 = {
						CreatedOnToolsVersion = 15.4;
					};
				};
			};
			buildConfigurationList = F02AC3FE2C6FC93400E2F119 /* Build configuration list for PBXProject "Landmarks" */;
			compatibilityVersion = "Xcode 14.0";
			developmentRegion = en;
			hasScannedForEncodings = 0;
			knownRegions = (
				en,
				Base,
			);
			mainGroup = F02AC3FA2C6FC93400E2F119;
			productRefGroup = F02AC4042C6FC93400E2F119 /* Products */;
			projectDirPath = "";
			projectRoot = "";
			targets = (
				F02AC4022C6FC93400E2F119 /* Landmarks */,
			);
		};
/* End PBXProject section */

/* Begin PBXResourcesBuildPhase section */
		F02AC4012C6FC93400E2F119 /* Resources */ = {
			isa = PBXResourcesBuildPhase;
			buildActionMask = 2147483647;
			files = (
				F02AC40E2C6FC93600E2F119 /* Preview Assets.xcassets in Resources */,
				F02AC40B2C6FC93600E2F119 /* Assets.xcassets in Resources */,
				F0D8529A2C6FCE4100148455 /* landmarkData.json in Resources */,
			);
			runOnlyForDeploymentPostprocessing = 0;
		};
/* End PBXResourcesBuildPhase section */

/* Begin PBXSourcesBuildPhase section */
		F02AC3FF2C6FC93400E2F119 /* Sources */ = {
			isa = PBXSourcesBuildPhase;
			buildActionMask = 2147483647;
			files = (
				F02AC4092C6FC93400E2F119 /* ContentView.swift in Sources */,
				F0D852972C6FCCE400148455 /* MapView.swift in Sources */,
				F02AC4072C6FC93400E2F119 /* LandmarksApp.swift in Sources */,
				F034154A2C6FD1E100D9B093 /* LandmarkList.swift in Sources */,
				F034154C2C6FD35000D9B093 /* LandmarkDetail.swift in Sources */,
				F02AC4152C6FCAE800E2F119 /* CircleImage.swift in Sources */,
				F0D8529E2C6FCEF200148455 /* ModelData.swift in Sources */,
				F03415482C6FD02200D9B093 /* LandmarkRow.swift in Sources */,
				F03415452C6FCF9100D9B093 /* Landmark.swift in Sources */,
			);
			runOnlyForDeploymentPostprocessing = 0;
		};
/* End PBXSourcesBuildPhase section */

/* Begin XCBuildConfiguration section */
		F02AC40F2C6FC93600E2F119 /* Debug */ = {
			isa = XCBuildConfiguration;
			buildSettings = {
				ALWAYS_SEARCH_USER_PATHS = NO;
				ASSETCATALOG_COMPILER_GENERATE_SWIFT_ASSET_SYMBOL_EXTENSIONS = YES;
				CLANG_ANALYZER_NONNULL = YES;
				CLANG_ANALYZER_NUMBER_OBJECT_CONVERSION = YES_AGGRESSIVE;
				CLANG_CXX_LANGUAGE_STANDARD = "gnu++20";
				CLANG_ENABLE_MODULES = YES;
				CLANG_ENABLE_OBJC_ARC = YES;
				CLANG_ENABLE_OBJC_WEAK = YES;
				CLANG_WARN_BLOCK_CAPTURE_AUTORELEASING = YES;
				CLANG_WARN_BOOL_CONVERSION = YES;
				CLANG_WARN_COMMA = YES;
				CLANG_WARN_CONSTANT_CONVERSION = YES;
				CLANG_WARN_DEPRECATED_OBJC_IMPLEMENTATIONS = YES;
				CLANG_WARN_DIRECT_OBJC_ISA_USAGE = YES_ERROR;
				CLANG_WARN_DOCUMENTATION_COMMENTS = YES;
				CLANG_WARN_EMPTY_BODY = YES;
				CLANG_WARN_ENUM_CONVERSION = YES;
				CLANG_WARN_INFINITE_RECURSION = YES;
				CLANG_WARN_INT_CONVERSION = YES;
				CLANG_WARN_NON_LITERAL_NULL_CONVERSION = YES;
				CLANG_WARN_OBJC_IMPLICIT_RETAIN_SELF = YES;
				CLANG_WARN_OBJC_LITERAL_CONVERSION = YES;
				CLANG_WARN_OBJC_ROOT_CLASS = YES_ERROR;
				CLANG_WARN_QUOTED_INCLUDE_IN_FRAMEWORK_HEADER = YES;
				CLANG_WARN_RANGE_LOOP_ANALYSIS = YES;
				CLANG_WARN_STRICT_PROTOTYPES = YES;
				CLANG_WARN_SUSPICIOUS_MOVE = YES;
				CLANG_WARN_UNGUARDED_AVAILABILITY = YES_AGGRESSIVE;
				CLANG_WARN_UNREACHABLE_CODE = YES;
				CLANG_WARN__DUPLICATE_METHOD_MATCH = YES;
				COPY_PHASE_STRIP = NO;
				DEBUG_INFORMATION_FORMAT = dwarf;
				ENABLE_STRICT_OBJC_MSGSEND = YES;
				ENABLE_TESTABILITY = YES;
				ENABLE_USER_SCRIPT_SANDBOXING = YES;
				GCC_C_LANGUAGE_STANDARD = gnu17;
				GCC_DYNAMIC_NO_PIC = NO;
				GCC_NO_COMMON_BLOCKS = YES;
				GCC_OPTIMIZATION_LEVEL = 0;
				GCC_PREPROCESSOR_DEFINITIONS = (
					"DEBUG=1",
					"$(inherited)",
				);
				GCC_WARN_64_TO_32_BIT_CONVERSION = YES;
				GCC_WARN_ABOUT_RETURN_TYPE = YES_ERROR;
				GCC_WARN_UNDECLARED_SELECTOR = YES;
				GCC_WARN_UNINITIALIZED_AUTOS = YES_AGGRESSIVE;
				GCC_WARN_UNUSED_FUNCTION = YES;
				GCC_WARN_UNUSED_VARIABLE = YES;
				IPHONEOS_DEPLOYMENT_TARGET = 17.5;
				LOCALIZATION_PREFERS_STRING_CATALOGS = YES;
				MTL_ENABLE_DEBUG_INFO = INCLUDE_SOURCE;
				MTL_FAST_MATH = YES;
				ONLY_ACTIVE_ARCH = YES;
				SDKROOT = iphoneos;
				SWIFT_ACTIVE_COMPILATION_CONDITIONS = "DEBUG $(inherited)";
				SWIFT_OPTIMIZATION_LEVEL = "-Onone";
			};
			name = Debug;
		};
		F02AC4102C6FC93600E2F119 /* Release */ = {
			isa = XCBuildConfiguration;
			buildSettings = {
				ALWAYS_SEARCH_USER_PATHS = NO;
				ASSETCATALOG_COMPILER_GENERATE_SWIFT_ASSET_SYMBOL_EXTENSIONS = YES;
				CLANG_ANALYZER_NONNULL = YES;
				CLANG_ANALYZER_NUMBER_OBJECT_CONVERSION = YES_AGGRESSIVE;
				CLANG_CXX_LANGUAGE_STANDARD = "gnu++20";
				CLANG_ENABLE_MODULES = YES;
				CLANG_ENABLE_OBJC_ARC = YES;
				CLANG_ENABLE_OBJC_WEAK = YES;
				CLANG_WARN_BLOCK_CAPTURE_AUTORELEASING = YES;
				CLANG_WARN_BOOL_CONVERSION = YES;
				CLANG_WARN_COMMA = YES;
				CLANG_WARN_CONSTANT_CONVERSION = YES;
				CLANG_WARN_DEPRECATED_OBJC_IMPLEMENTATIONS = YES;
				CLANG_WARN_DIRECT_OBJC_ISA_USAGE = YES_ERROR;
				CLANG_WARN_DOCUMENTATION_COMMENTS = YES;
				CLANG_WARN_EMPTY_BODY = YES;
				CLANG_WARN_ENUM_CONVERSION = YES;
				CLANG_WARN_INFINITE_RECURSION = YES;
				CLANG_WARN_INT_CONVERSION = YES;
				CLANG_WARN_NON_LITERAL_NULL_CONVERSION = YES;
				CLANG_WARN_OBJC_IMPLICIT_RETAIN_SELF = YES;
				CLANG_WARN_OBJC_LITERAL_CONVERSION = YES;
				CLANG_WARN_OBJC_ROOT_CLASS = YES_ERROR;
				CLANG_WARN_QUOTED_INCLUDE_IN_FRAMEWORK_HEADER = YES;
				CLANG_WARN_RANGE_LOOP_ANALYSIS = YES;
				CLANG_WARN_STRICT_PROTOTYPES = YES;
				CLANG_WARN_SUSPICIOUS_MOVE = YES;
				CLANG_WARN_UNGUARDED_AVAILABILITY = YES_AGGRESSIVE;
				CLANG_WARN_UNREACHABLE_CODE = YES;
				CLANG_WARN__DUPLICATE_METHOD_MATCH = YES;
				COPY_PHASE_STRIP = NO;
				DEBUG_INFORMATION_FORMAT = "dwarf-with-dsym";
				ENABLE_NS_ASSERTIONS = NO;
				ENABLE_STRICT_OBJC_MSGSEND = YES;
				ENABLE_USER_SCRIPT_SANDBOXING = YES;
				GCC_C_LANGUAGE_STANDARD = gnu17;
				GCC_NO_COMMON_BLOCKS = YES;
				GCC_WARN_64_TO_32_BIT_CONVERSION = YES;
				GCC_WARN_ABOUT_RETURN_TYPE = YES_ERROR;
				GCC_WARN_UNDECLARED_SELECTOR = YES;
				GCC_WARN_UNINITIALIZED_AUTOS = YES_AGGRESSIVE;
				GCC_WARN_UNUSED_FUNCTION = YES;
				GCC_WARN_UNUSED_VARIABLE = YES;
				IPHONEOS_DEPLOYMENT_TARGET = 17.5;
				LOCALIZATION_PREFERS_STRING_CATALOGS = YES;
				MTL_ENABLE_DEBUG_INFO = NO;
				MTL_FAST_MATH = YES;
				SDKROOT = iphoneos;
				SWIFT_COMPILATION_MODE = wholemodule;
				VALIDATE_PRODUCT = YES;
			};
			name = Release;
		};
		F02AC4122C6FC93600E2F119 /* Debug */ = {
			isa = XCBuildConfiguration;
			buildSettings = {
				ASSETCATALOG_COMPILER_APPICON_NAME = AppIcon;
				ASSETCATALOG_COMPILER_GLOBAL_ACCENT_COLOR_NAME = AccentColor;
				CODE_SIGN_STYLE = Automatic;
				CURRENT_PROJECT_VERSION = 1;
				DEVELOPMENT_ASSET_PATHS = "\"Landmarks/Preview Content\"";
				DEVELOPMENT_TEAM = NMA9HGM67Q;
				ENABLE_PREVIEWS = YES;
				GENERATE_INFOPLIST_FILE = YES;
				INFOPLIST_KEY_UIApplicationSceneManifest_Generation = YES;
				INFOPLIST_KEY_UIApplicationSupportsIndirectInputEvents = YES;
				INFOPLIST_KEY_UILaunchScreen_Generation = YES;
				INFOPLIST_KEY_UISupportedInterfaceOrientations_iPad = "UIInterfaceOrientationPortrait UIInterfaceOrientationPortraitUpsideDown UIInterfaceOrientationLandscapeLeft UIInterfaceOrientationLandscapeRight";
				INFOPLIST_KEY_UISupportedInterfaceOrientations_iPhone = "UIInterfaceOrientationPortrait UIInterfaceOrientationLandscapeLeft UIInterfaceOrientationLandscapeRight";
				LD_RUNPATH_SEARCH_PATHS = (
					"$(inherited)",
					"@executable_path/Frameworks",
				);
				MARKETING_VERSION = 1.0;
				PRODUCT_BUNDLE_IDENTIFIER = BTC.Landmarks;
				PRODUCT_NAME = "$(TARGET_NAME)";
				SWIFT_EMIT_LOC_STRINGS = YES;
				SWIFT_VERSION = 5.0;
				TARGETED_DEVICE_FAMILY = "1,2";
			};
			name = Debug;
		};
		F02AC4132C6FC93600E2F119 /* Release */ = {
			isa = XCBuildConfiguration;
			buildSettings = {
				ASSETCATALOG_COMPILER_APPICON_NAME = AppIcon;
				ASSETCATALOG_COMPILER_GLOBAL_ACCENT_COLOR_NAME = AccentColor;
				CODE_SIGN_STYLE = Automatic;
				CURRENT_PROJECT_VERSION = 1;
				DEVELOPMENT_ASSET_PATHS = "\"Landmarks/Preview Content\"";
				DEVELOPMENT_TEAM = NMA9HGM67Q;
				ENABLE_PREVIEWS = YES;
				GENERATE_INFOPLIST_FILE = YES;
				INFOPLIST_KEY_UIApplicationSceneManifest_Generation = YES;
				INFOPLIST_KEY_UIApplicationSupportsIndirectInputEvents = YES;
				INFOPLIST_KEY_UILaunchScreen_Generation = YES;
				INFOPLIST_KEY_UISupportedInterfaceOrientations_iPad = "UIInterfaceOrientationPortrait UIInterfaceOrientationPortraitUpsideDown UIInterfaceOrientationLandscapeLeft UIInterfaceOrientationLandscapeRight";
				INFOPLIST_KEY_UISupportedInterfaceOrientations_iPhone = "UIInterfaceOrientationPortrait UIInterfaceOrientationLandscapeLeft UIInterfaceOrientationLandscapeRight";
				LD_RUNPATH_SEARCH_PATHS = (
					"$(inherited)",
					"@executable_path/Frameworks",
				);
				MARKETING_VERSION = 1.0;
				PRODUCT_BUNDLE_IDENTIFIER = BTC.Landmarks;
				PRODUCT_NAME = "$(TARGET_NAME)";
				SWIFT_EMIT_LOC_STRINGS = YES;
				SWIFT_VERSION = 5.0;
				TARGETED_DEVICE_FAMILY = "1,2";
			};
			name = Release;
		};
/* End XCBuildConfiguration section */

/* Begin XCConfigurationList section */
		F02AC3FE2C6FC93400E2F119 /* Build configuration list for PBXProject "Landmarks" */ = {
			isa = XCConfigurationList;
			buildConfigurations = (
				F02AC40F2C6FC93600E2F119 /* Debug */,
				F02AC4102C6FC93600E2F119 /* Release */,
			);
			defaultConfigurationIsVisible = 0;
			defaultConfigurationName = Release;
		};
		F02AC4112C6FC93600E2F119 /* Build configuration list for PBXNativeTarget "Landmarks" */ = {
			isa = XCConfigurationList;
			buildConfigurations = (
				F02AC4122C6FC93600E2F119 /* Debug */,
				F02AC4132C6FC93600E2F119 /* Release */,
			);
			defaultConfigurationIsVisible = 0;
			defaultConfigurationName = Release;
		};
/* End XCConfigurationList section */
	};
	rootObject = F02AC3FB2C6FC93400E2F119 /* Project object */;
}
